
Microsoft Visual Studio Solution File, Format Version 12.00
# Visual Studio Version 17
VisualStudioVersion = 17.3.32901.215
MinimumVisualStudioVersion = 10.0.40219.1
Project("{FAE04EC0-301F-11D3-BF4B-00C04F79EFBC}") = "P22c_DiaDeLaSemanaVectorMetodos", "P22c_DiaDeLaSemanaVectorMetodos\P22c_DiaDeLaSemanaVectorMetodos.csproj", "{A1C57C44-8AA0-477A-9DE9-B188824480E7}"
EndProject
Global
	GlobalSection(SolutionConfigurationPlatforms) = preSolution
		Debug|Any CPU = Debug|Any CPU
		Release|Any CPU = Release|Any CPU
	EndGlobalSection
	GlobalSection(ProjectConfigurationPlatforms) = postSolution
		{A1C57C44-8AA0-477A-9DE9-B188824480E7}.Debug|Any CPU.ActiveCfg = Debug|Any CPU
		{A1C57C44-8AA0-477A-9DE9-B188824480E7}.Debug|Any CPU.Build.0 = Debug|Any CPU
		{A1C57C44-8AA0-477A-9DE9-B188824480E7}.Release|Any CPU.ActiveCfg = Release|Any CPU
		{A1C57C44-8AA0-477A-9DE9-B188824480E7}.Release|Any CPU.Build.0 = Release|Any CPU
	EndGlobalSection
	GlobalSection(SolutionProperties) = preSolution
		HideSolutionNode = FALSE
	EndGlobalSection
	GlobalSection(ExtensibilityGlobals) = postSolution
		SolutionGuid = {CDD3A4F5-C984-45B1-AADC-F1985983120F}
	EndGlobalSection
EndGlobal
