
Microsoft Visual Studio Solution File, Format Version 12.00
# Visual Studio Version 17
VisualStudioVersion = 17.3.32901.215
MinimumVisualStudioVersion = 10.0.40219.1
Project("{FAE04EC0-301F-11D3-BF4B-00C04F79EFBC}") = "P14i_MultiplicarSumando", "P14i_MultiplicarSumando\P14i_MultiplicarSumando.csproj", "{B6EB0C7A-C461-4C09-AF67-D56B39AFE6CC}"
EndProject
Global
	GlobalSection(SolutionConfigurationPlatforms) = preSolution
		Debug|Any CPU = Debug|Any CPU
		Release|Any CPU = Release|Any CPU
	EndGlobalSection
	GlobalSection(ProjectConfigurationPlatforms) = postSolution
		{B6EB0C7A-C461-4C09-AF67-D56B39AFE6CC}.Debug|Any CPU.ActiveCfg = Debug|Any CPU
		{B6EB0C7A-C461-4C09-AF67-D56B39AFE6CC}.Debug|Any CPU.Build.0 = Debug|Any CPU
		{B6EB0C7A-C461-4C09-AF67-D56B39AFE6CC}.Release|Any CPU.ActiveCfg = Release|Any CPU
		{B6EB0C7A-C461-4C09-AF67-D56B39AFE6CC}.Release|Any CPU.Build.0 = Release|Any CPU
	EndGlobalSection
	GlobalSection(SolutionProperties) = preSolution
		HideSolutionNode = FALSE
	EndGlobalSection
	GlobalSection(ExtensibilityGlobals) = postSolution
		SolutionGuid = {CECF810D-043E-4B9A-8B49-5DB28EFA8CF7}
	EndGlobalSection
EndGlobal
