
Microsoft Visual Studio Solution File, Format Version 12.00
# Visual Studio Version 17
VisualStudioVersion = 17.3.32922.545
MinimumVisualStudioVersion = 10.0.40219.1
Project("{FAE04EC0-301F-11D3-BF4B-00C04F79EFBC}") = "P14c0_AciertaNúmero", "P14c0_AciertaNúmero\P14c0_AciertaNúmero.csproj", "{456200EC-320F-46B9-8F40-1E3F00CE6AF3}"
EndProject
Global
	GlobalSection(SolutionConfigurationPlatforms) = preSolution
		Debug|Any CPU = Debug|Any CPU
		Release|Any CPU = Release|Any CPU
	EndGlobalSection
	GlobalSection(ProjectConfigurationPlatforms) = postSolution
		{456200EC-320F-46B9-8F40-1E3F00CE6AF3}.Debug|Any CPU.ActiveCfg = Debug|Any CPU
		{456200EC-320F-46B9-8F40-1E3F00CE6AF3}.Debug|Any CPU.Build.0 = Debug|Any CPU
		{456200EC-320F-46B9-8F40-1E3F00CE6AF3}.Release|Any CPU.ActiveCfg = Release|Any CPU
		{456200EC-320F-46B9-8F40-1E3F00CE6AF3}.Release|Any CPU.Build.0 = Release|Any CPU
	EndGlobalSection
	GlobalSection(SolutionProperties) = preSolution
		HideSolutionNode = FALSE
	EndGlobalSection
	GlobalSection(ExtensibilityGlobals) = postSolution
		SolutionGuid = {D8EEADCF-6EF5-4F34-9D05-ECE78B4DCE96}
	EndGlobalSection
EndGlobal
