
Microsoft Visual Studio Solution File, Format Version 12.00
# Visual Studio Version 17
VisualStudioVersion = 17.3.32901.215
MinimumVisualStudioVersion = 10.0.40219.1
Project("{FAE04EC0-301F-11D3-BF4B-00C04F79EFBC}") = "12_b_EcuacionGrado2plus", "12_b_EcuacionGrado2plus\12_b_EcuacionGrado2plus.csproj", "{A0A44135-95A0-468A-8A65-955821873121}"
EndProject
Global
	GlobalSection(SolutionConfigurationPlatforms) = preSolution
		Debug|Any CPU = Debug|Any CPU
		Release|Any CPU = Release|Any CPU
	EndGlobalSection
	GlobalSection(ProjectConfigurationPlatforms) = postSolution
		{A0A44135-95A0-468A-8A65-955821873121}.Debug|Any CPU.ActiveCfg = Debug|Any CPU
		{A0A44135-95A0-468A-8A65-955821873121}.Debug|Any CPU.Build.0 = Debug|Any CPU
		{A0A44135-95A0-468A-8A65-955821873121}.Release|Any CPU.ActiveCfg = Release|Any CPU
		{A0A44135-95A0-468A-8A65-955821873121}.Release|Any CPU.Build.0 = Release|Any CPU
	EndGlobalSection
	GlobalSection(SolutionProperties) = preSolution
		HideSolutionNode = FALSE
	EndGlobalSection
	GlobalSection(ExtensibilityGlobals) = postSolution
		SolutionGuid = {1F2FBEF5-24DE-40CE-812E-D8D7691AE48D}
	EndGlobalSection
EndGlobal
