
Microsoft Visual Studio Solution File, Format Version 12.00
# Visual Studio Version 17
VisualStudioVersion = 17.3.32901.215
MinimumVisualStudioVersion = 10.0.40219.1
Project("{FAE04EC0-301F-11D3-BF4B-00C04F79EFBC}") = "P40_ClasePersona", "P40_ClasePersona\P40_ClasePersona.csproj", "{B17C35CA-2485-4979-9C06-6A70BA7DF5EA}"
EndProject
Global
	GlobalSection(SolutionConfigurationPlatforms) = preSolution
		Debug|Any CPU = Debug|Any CPU
		Release|Any CPU = Release|Any CPU
	EndGlobalSection
	GlobalSection(ProjectConfigurationPlatforms) = postSolution
		{B17C35CA-2485-4979-9C06-6A70BA7DF5EA}.Debug|Any CPU.ActiveCfg = Debug|Any CPU
		{B17C35CA-2485-4979-9C06-6A70BA7DF5EA}.Debug|Any CPU.Build.0 = Debug|Any CPU
		{B17C35CA-2485-4979-9C06-6A70BA7DF5EA}.Release|Any CPU.ActiveCfg = Release|Any CPU
		{B17C35CA-2485-4979-9C06-6A70BA7DF5EA}.Release|Any CPU.Build.0 = Release|Any CPU
	EndGlobalSection
	GlobalSection(SolutionProperties) = preSolution
		HideSolutionNode = FALSE
	EndGlobalSection
	GlobalSection(ExtensibilityGlobals) = postSolution
		SolutionGuid = {915D9A5F-CDB1-410D-9214-5DE438E00F76}
	EndGlobalSection
EndGlobal
