
Microsoft Visual Studio Solution File, Format Version 12.00
# Visual Studio Version 17
VisualStudioVersion = 17.3.32901.215
MinimumVisualStudioVersion = 10.0.40219.1
Project("{FAE04EC0-301F-11D3-BF4B-00C04F79EFBC}") = "P22g_VectorFloats", "P22g_VectorFloats\P22g_VectorFloats.csproj", "{1EF5259F-54B9-4C4D-B2BD-69F4673B35BB}"
EndProject
Global
	GlobalSection(SolutionConfigurationPlatforms) = preSolution
		Debug|Any CPU = Debug|Any CPU
		Release|Any CPU = Release|Any CPU
	EndGlobalSection
	GlobalSection(ProjectConfigurationPlatforms) = postSolution
		{1EF5259F-54B9-4C4D-B2BD-69F4673B35BB}.Debug|Any CPU.ActiveCfg = Debug|Any CPU
		{1EF5259F-54B9-4C4D-B2BD-69F4673B35BB}.Debug|Any CPU.Build.0 = Debug|Any CPU
		{1EF5259F-54B9-4C4D-B2BD-69F4673B35BB}.Release|Any CPU.ActiveCfg = Release|Any CPU
		{1EF5259F-54B9-4C4D-B2BD-69F4673B35BB}.Release|Any CPU.Build.0 = Release|Any CPU
	EndGlobalSection
	GlobalSection(SolutionProperties) = preSolution
		HideSolutionNode = FALSE
	EndGlobalSection
	GlobalSection(ExtensibilityGlobals) = postSolution
		SolutionGuid = {FDFCC735-D5FE-4904-AB6C-E7316A7B869F}
	EndGlobalSection
EndGlobal
