
Microsoft Visual Studio Solution File, Format Version 12.00
# Visual Studio Version 17
VisualStudioVersion = 17.3.32901.215
MinimumVisualStudioVersion = 10.0.40219.1
Project("{FAE04EC0-301F-11D3-BF4B-00C04F79EFBC}") = "P14j_CosteTrabajadoresV3", "P14j_CosteTrabajadoresV3\P14j_CosteTrabajadoresV3.csproj", "{5DE6C597-EAA9-45B6-9211-B3C3424ADAF3}"
EndProject
Global
	GlobalSection(SolutionConfigurationPlatforms) = preSolution
		Debug|Any CPU = Debug|Any CPU
		Release|Any CPU = Release|Any CPU
	EndGlobalSection
	GlobalSection(ProjectConfigurationPlatforms) = postSolution
		{5DE6C597-EAA9-45B6-9211-B3C3424ADAF3}.Debug|Any CPU.ActiveCfg = Debug|Any CPU
		{5DE6C597-EAA9-45B6-9211-B3C3424ADAF3}.Debug|Any CPU.Build.0 = Debug|Any CPU
		{5DE6C597-EAA9-45B6-9211-B3C3424ADAF3}.Release|Any CPU.ActiveCfg = Release|Any CPU
		{5DE6C597-EAA9-45B6-9211-B3C3424ADAF3}.Release|Any CPU.Build.0 = Release|Any CPU
	EndGlobalSection
	GlobalSection(SolutionProperties) = preSolution
		HideSolutionNode = FALSE
	EndGlobalSection
	GlobalSection(ExtensibilityGlobals) = postSolution
		SolutionGuid = {3CB689AF-C23B-4B4C-9F39-DC93F37626E7}
	EndGlobalSection
EndGlobal
