
Microsoft Visual Studio Solution File, Format Version 12.00
# Visual Studio Version 17
VisualStudioVersion = 17.3.32922.545
MinimumVisualStudioVersion = 10.0.40219.1
Project("{FAE04EC0-301F-11D3-BF4B-00C04F79EFBC}") = "P31b_GuardarNMultiplosDesde", "P31b_GuardarNMultiplosDesde\P31b_GuardarNMultiplosDesde.csproj", "{BBC2BFAE-6FC4-4972-BF47-9B835493F898}"
EndProject
Global
	GlobalSection(SolutionConfigurationPlatforms) = preSolution
		Debug|Any CPU = Debug|Any CPU
		Release|Any CPU = Release|Any CPU
	EndGlobalSection
	GlobalSection(ProjectConfigurationPlatforms) = postSolution
		{BBC2BFAE-6FC4-4972-BF47-9B835493F898}.Debug|Any CPU.ActiveCfg = Debug|Any CPU
		{BBC2BFAE-6FC4-4972-BF47-9B835493F898}.Debug|Any CPU.Build.0 = Debug|Any CPU
		{BBC2BFAE-6FC4-4972-BF47-9B835493F898}.Release|Any CPU.ActiveCfg = Release|Any CPU
		{BBC2BFAE-6FC4-4972-BF47-9B835493F898}.Release|Any CPU.Build.0 = Release|Any CPU
	EndGlobalSection
	GlobalSection(SolutionProperties) = preSolution
		HideSolutionNode = FALSE
	EndGlobalSection
	GlobalSection(ExtensibilityGlobals) = postSolution
		SolutionGuid = {F0EFFDBB-88F2-4325-A0A4-FE956F66A385}
	EndGlobalSection
EndGlobal
