
Microsoft Visual Studio Solution File, Format Version 12.00
# Visual Studio Version 17
VisualStudioVersion = 17.3.32901.215
MinimumVisualStudioVersion = 10.0.40219.1
Project("{FAE04EC0-301F-11D3-BF4B-00C04F79EFBC}") = "P21e_MetodoMenu", "P21e_MetodoMenu\P21e_MetodoMenu.csproj", "{9FEC92EF-8547-4FAF-8E12-223EDE270360}"
EndProject
Global
	GlobalSection(SolutionConfigurationPlatforms) = preSolution
		Debug|Any CPU = Debug|Any CPU
		Release|Any CPU = Release|Any CPU
	EndGlobalSection
	GlobalSection(ProjectConfigurationPlatforms) = postSolution
		{9FEC92EF-8547-4FAF-8E12-223EDE270360}.Debug|Any CPU.ActiveCfg = Debug|Any CPU
		{9FEC92EF-8547-4FAF-8E12-223EDE270360}.Debug|Any CPU.Build.0 = Debug|Any CPU
		{9FEC92EF-8547-4FAF-8E12-223EDE270360}.Release|Any CPU.ActiveCfg = Release|Any CPU
		{9FEC92EF-8547-4FAF-8E12-223EDE270360}.Release|Any CPU.Build.0 = Release|Any CPU
	EndGlobalSection
	GlobalSection(SolutionProperties) = preSolution
		HideSolutionNode = FALSE
	EndGlobalSection
	GlobalSection(ExtensibilityGlobals) = postSolution
		SolutionGuid = {B38E5741-C2AD-4F1F-981B-95F18673DF32}
	EndGlobalSection
EndGlobal
