
Microsoft Visual Studio Solution File, Format Version 12.00
# Visual Studio Version 17
VisualStudioVersion = 17.3.32901.215
MinimumVisualStudioVersion = 10.0.40219.1
Project("{FAE04EC0-301F-11D3-BF4B-00C04F79EFBC}") = "P22o_Tabla2DGente", "P22o_Tabla2DGente\P22o_Tabla2DGente.csproj", "{ECC25C2F-A0AF-4828-9E0F-6BAF78D7ECFF}"
EndProject
Global
	GlobalSection(SolutionConfigurationPlatforms) = preSolution
		Debug|Any CPU = Debug|Any CPU
		Release|Any CPU = Release|Any CPU
	EndGlobalSection
	GlobalSection(ProjectConfigurationPlatforms) = postSolution
		{ECC25C2F-A0AF-4828-9E0F-6BAF78D7ECFF}.Debug|Any CPU.ActiveCfg = Debug|Any CPU
		{ECC25C2F-A0AF-4828-9E0F-6BAF78D7ECFF}.Debug|Any CPU.Build.0 = Debug|Any CPU
		{ECC25C2F-A0AF-4828-9E0F-6BAF78D7ECFF}.Release|Any CPU.ActiveCfg = Release|Any CPU
		{ECC25C2F-A0AF-4828-9E0F-6BAF78D7ECFF}.Release|Any CPU.Build.0 = Release|Any CPU
	EndGlobalSection
	GlobalSection(SolutionProperties) = preSolution
		HideSolutionNode = FALSE
	EndGlobalSection
	GlobalSection(ExtensibilityGlobals) = postSolution
		SolutionGuid = {A3BE1DCC-DD49-47AE-8F95-489A7DB352FB}
	EndGlobalSection
EndGlobal
