
Microsoft Visual Studio Solution File, Format Version 12.00
# Visual Studio Version 17
VisualStudioVersion = 17.3.32901.215
MinimumVisualStudioVersion = 10.0.40219.1
Project("{FAE04EC0-301F-11D3-BF4B-00C04F79EFBC}") = "P22f1_PresentaFecha1", "P22f1_PresentaFecha1\P22f1_PresentaFecha1.csproj", "{C8C12990-AB0D-4E2E-98F3-6E5E06F859CC}"
EndProject
Global
	GlobalSection(SolutionConfigurationPlatforms) = preSolution
		Debug|Any CPU = Debug|Any CPU
		Release|Any CPU = Release|Any CPU
	EndGlobalSection
	GlobalSection(ProjectConfigurationPlatforms) = postSolution
		{C8C12990-AB0D-4E2E-98F3-6E5E06F859CC}.Debug|Any CPU.ActiveCfg = Debug|Any CPU
		{C8C12990-AB0D-4E2E-98F3-6E5E06F859CC}.Debug|Any CPU.Build.0 = Debug|Any CPU
		{C8C12990-AB0D-4E2E-98F3-6E5E06F859CC}.Release|Any CPU.ActiveCfg = Release|Any CPU
		{C8C12990-AB0D-4E2E-98F3-6E5E06F859CC}.Release|Any CPU.Build.0 = Release|Any CPU
	EndGlobalSection
	GlobalSection(SolutionProperties) = preSolution
		HideSolutionNode = FALSE
	EndGlobalSection
	GlobalSection(ExtensibilityGlobals) = postSolution
		SolutionGuid = {2E1E4D4F-6926-413C-9BC3-ED2544640355}
	EndGlobalSection
EndGlobal
