
Microsoft Visual Studio Solution File, Format Version 12.00
# Visual Studio Version 17
VisualStudioVersion = 17.3.32901.215
MinimumVisualStudioVersion = 10.0.40219.1
Project("{FAE04EC0-301F-11D3-BF4B-00C04F79EFBC}") = "11_d_DesglosaEuros1", "11_d_DesglosaEuros1\11_d_DesglosaEuros1.csproj", "{FEBAEA81-AA3A-4BC5-B6BB-73DE9F4C16A7}"
EndProject
Global
	GlobalSection(SolutionConfigurationPlatforms) = preSolution
		Debug|Any CPU = Debug|Any CPU
		Release|Any CPU = Release|Any CPU
	EndGlobalSection
	GlobalSection(ProjectConfigurationPlatforms) = postSolution
		{FEBAEA81-AA3A-4BC5-B6BB-73DE9F4C16A7}.Debug|Any CPU.ActiveCfg = Debug|Any CPU
		{FEBAEA81-AA3A-4BC5-B6BB-73DE9F4C16A7}.Debug|Any CPU.Build.0 = Debug|Any CPU
		{FEBAEA81-AA3A-4BC5-B6BB-73DE9F4C16A7}.Release|Any CPU.ActiveCfg = Release|Any CPU
		{FEBAEA81-AA3A-4BC5-B6BB-73DE9F4C16A7}.Release|Any CPU.Build.0 = Release|Any CPU
	EndGlobalSection
	GlobalSection(SolutionProperties) = preSolution
		HideSolutionNode = FALSE
	EndGlobalSection
	GlobalSection(ExtensibilityGlobals) = postSolution
		SolutionGuid = {23B3D8C1-7457-4D02-8F7E-DC9BB6A8EF01}
	EndGlobalSection
EndGlobal
